// !$*UTF8*$!
{
	archiveVersion = 1;
	classes = {
	};
	objectVersion = 55;
	objects = {

/* Begin PBXBuildFile section */
		D2E648B427047D470032DEE9 /* AppDelegate.swift in Sources */ = {isa = PBXBuildFile; fileRef = D2E648B327047D470032DEE9 /* AppDelegate.swift */; };
		D2E648B627047D470032DEE9 /* SceneDelegate.swift in Sources */ = {isa = PBXBuildFile; fileRef = D2E648B527047D470032DEE9 /* SceneDelegate.swift */; };
		D2E648B827047D470032DEE9 /* ViewController.swift in Sources */ = {isa = PBXBuildFile; fileRef = D2E648B727047D470032DEE9 /* ViewController.swift */; };
		D2E648BB27047D470032DEE9 /* Main.storyboard in Resources */ = {isa = PBXBuildFile; fileRef = D2E648B927047D470032DEE9 /* Main.storyboard */; };
		D2E648BE27047D470032DEE9 /* datacollateorMibanIOS.xcdatamodeld in Sources */ = {isa = PBXBuildFile; fileRef = D2E648BC27047D470032DEE9 /* datacollateorMibanIOS.xcdatamodeld */; };
		D2E648C027047D490032DEE9 /* Assets.xcassets in Resources */ = {isa = PBXBuildFile; fileRef = D2E648BF27047D490032DEE9 /* Assets.xcassets */; };
		D2E648C327047D490032DEE9 /* LaunchScreen.storyboard in Resources */ = {isa = PBXBuildFile; fileRef = D2E648C127047D490032DEE9 /* LaunchScreen.storyboard */; };
		D2E648CE27047D490032DEE9 /* datacollateorMibanIOSTests.swift in Sources */ = {isa = PBXBuildFile; fileRef = D2E648CD27047D490032DEE9 /* datacollateorMibanIOSTests.swift */; };
		D2E648D827047D490032DEE9 /* datacollateorMibanIOSUITests.swift in Sources */ = {isa = PBXBuildFile; fileRef = D2E648D727047D490032DEE9 /* datacollateorMibanIOSUITests.swift */; };
		D2E648DA27047D490032DEE9 /* datacollateorMibanIOSUITestsLaunchTests.swift in Sources */ = {isa = PBXBuildFile; fileRef = D2E648D927047D490032DEE9 /* datacollateorMibanIOSUITestsLaunchTests.swift */; };
/* End PBXBuildFile section */

/* Begin PBXContainerItemProxy section */
		D2E648CA27047D490032DEE9 /* PBXContainerItemProxy */ = {
			isa = PBXContainerItemProxy;
			containerPortal = D2E648A827047D470032DEE9 /* Project object */;
			proxyType = 1;
			remoteGlobalIDString = D2E648AF27047D470032DEE9;
			remoteInfo = datacollateorMibanIOS;
		};
		D2E648D427047D490032DEE9 /* PBXContainerItemProxy */ = {
			isa = PBXContainerItemProxy;
			containerPortal = D2E648A827047D470032DEE9 /* Project object */;
			proxyType = 1;
			remoteGlobalIDString = D2E648AF27047D470032DEE9;
			remoteInfo = datacollateorMibanIOS;
		};
/* End PBXContainerItemProxy section */

/* Begin PBXFileReference section */
		D2E648B027047D470032DEE9 /* datacollateorMibanIOS.app */ = {isa = PBXFileReference; explicitFileType = wrapper.application; includeInIndex = 0; path = datacollateorMibanIOS.app; sourceTree = BUILT_PRODUCTS_DIR; };
		D2E648B327047D470032DEE9 /* AppDelegate.swift */ = {isa = PBXFileReference; lastKnownFileType = sourcecode.swift; path = AppDelegate.swift; sourceTree = "<group>"; };
		D2E648B527047D470032DEE9 /* SceneDelegate.swift */ = {isa = PBXFileReference; lastKnownFileType = sourcecode.swift; path = SceneDelegate.swift; sourceTree = "<group>"; };
		D2E648B727047D470032DEE9 /* ViewController.swift */ = {isa = PBXFileReference; lastKnownFileType = sourcecode.swift; path = ViewController.swift; sourceTree = "<group>"; };
		D2E648BA27047D470032DEE9 /* Base */ = {isa = PBXFileReference; lastKnownFileType = file.storyboard; name = Base; path = Base.lproj/Main.storyboard; sourceTree = "<group>"; };
		D2E648BD27047D470032DEE9 /* datacollateorMibanIOS.xcdatamodel */ = {isa = PBXFileReference; lastKnownFileType = wrapper.xcdatamodel; path = datacollateorMibanIOS.xcdatamodel; sourceTree = "<group>"; };
		D2E648BF27047D490032DEE9 /* Assets.xcassets */ = {isa = PBXFileReference; lastKnownFileType = folder.assetcatalog; path = Assets.xcassets; sourceTree = "<group>"; };
		D2E648C227047D490032DEE9 /* Base */ = {isa = PBXFileReference; lastKnownFileType = file.storyboard; name = Base; path = Base.lproj/LaunchScreen.storyboard; sourceTree = "<group>"; };
		D2E648C427047D490032DEE9 /* Info.plist */ = {isa = PBXFileReference; lastKnownFileType = text.plist.xml; path = Info.plist; sourceTree = "<group>"; };
		D2E648C927047D490032DEE9 /* datacollateorMibanIOSTests.xctest */ = {isa = PBXFileReference; explicitFileType = wrapper.cfbundle; includeInIndex = 0; path = datacollateorMibanIOSTests.xctest; sourceTree = BUILT_PRODUCTS_DIR; };
		D2E648CD27047D490032DEE9 /* datacollateorMibanIOSTests.swift */ = {isa = PBXFileReference; lastKnownFileType = sourcecode.swift; path = datacollateorMibanIOSTests.swift; sourceTree = "<group>"; };
		D2E648D327047D490032DEE9 /* datacollateorMibanIOSUITests.xctest */ = {isa = PBXFileReference; explicitFileType = wrapper.cfbundle; includeInIndex = 0; path = datacollateorMibanIOSUITests.xctest; sourceTree = BUILT_PRODUCTS_DIR; };
		D2E648D727047D490032DEE9 /* datacollateorMibanIOSUITests.swift */ = {isa = PBXFileReference; lastKnownFileType = sourcecode.swift; path = datacollateorMibanIOSUITests.swift; sourceTree = "<group>"; };
		D2E648D927047D490032DEE9 /* datacollateorMibanIOSUITestsLaunchTests.swift */ = {isa = PBXFileReference; lastKnownFileType = sourcecode.swift; path = datacollateorMibanIOSUITestsLaunchTests.swift; sourceTree = "<group>"; };
/* End PBXFileReference section */

/* Begin PBXFrameworksBuildPhase section */
		D2E648AD27047D470032DEE9 /* Frameworks */ = {
			isa = PBXFrameworksBuildPhase;
			buildActionMask = 2147483647;
			files = (
			);
			runOnlyForDeploymentPostprocessing = 0;
		};
		D2E648C627047D490032DEE9 /* Frameworks */ = {
			isa = PBXFrameworksBuildPhase;
			buildActionMask = 2147483647;
			files = (
			);
			runOnlyForDeploymentPostprocessing = 0;
		};
		D2E648D027047D490032DEE9 /* Frameworks */ = {
			isa = PBXFrameworksBuildPhase;
			buildActionMask = 2147483647;
			files = (
			);
			runOnlyForDeploymentPostprocessing = 0;
		};
/* End PBXFrameworksBuildPhase section */

/* Begin PBXGroup section */
		D2E648A727047D470032DEE9 = {
			isa = PBXGroup;
			children = (
				D2E648B227047D470032DEE9 /* datacollateorMibanIOS */,
				D2E648CC27047D490032DEE9 /* datacollateorMibanIOSTests */,
				D2E648D627047D490032DEE9 /* datacollateorMibanIOSUITests */,
				D2E648B127047D470032DEE9 /* Products */,
			);
			sourceTree = "<group>";
		};
		D2E648B127047D470032DEE9 /* Products */ = {
			isa = PBXGroup;
			children = (
				D2E648B027047D470032DEE9 /* datacollateorMibanIOS.app */,
				D2E648C927047D490032DEE9 /* datacollateorMibanIOSTests.xctest */,
				D2E648D327047D490032DEE9 /* datacollateorMibanIOSUITests.xctest */,
			);
			name = Products;
			sourceTree = "<group>";
		};
		D2E648B227047D470032DEE9 /* datacollateorMibanIOS */ = {
			isa = PBXGroup;
			children = (
				D2E648B327047D470032DEE9 /* AppDelegate.swift */,
				D2E648B527047D470032DEE9 /* SceneDelegate.swift */,
				D2E648B727047D470032DEE9 /* ViewController.swift */,
				D2E648B927047D470032DEE9 /* Main.storyboard */,
				D2E648BF27047D490032DEE9 /* Assets.xcassets */,
				D2E648C127047D490032DEE9 /* LaunchScreen.storyboard */,
				D2E648C427047D490032DEE9 /* Info.plist */,
				D2E648BC27047D470032DEE9 /* datacollateorMibanIOS.xcdatamodeld */,
			);
			path = datacollateorMibanIOS;
			sourceTree = "<group>";
		};
		D2E648CC27047D490032DEE9 /* datacollateorMibanIOSTests */ = {
			isa = PBXGroup;
			children = (
				D2E648CD27047D490032DEE9 /* datacollateorMibanIOSTests.swift */,
			);
			path = datacollateorMibanIOSTests;
			sourceTree = "<group>";
		};
		D2E648D627047D490032DEE9 /* datacollateorMibanIOSUITests */ = {
			isa = PBXGroup;
			children = (
				D2E648D727047D490032DEE9 /* datacollateorMibanIOSUITests.swift */,
				D2E648D927047D490032DEE9 /* datacollateorMibanIOSUITestsLaunchTests.swift */,
			);
			path = datacollateorMibanIOSUITests;
			sourceTree = "<group>";
		};
/* End PBXGroup section */

/* Begin PBXNativeTarget section */
		D2E648AF27047D470032DEE9 /* datacollateorMibanIOS */ = {
			isa = PBXNativeTarget;
			buildConfigurationList = D2E648DD27047D4A0032DEE9 /* Build configuration list for PBXNativeTarget "datacollateorMibanIOS" */;
			buildPhases = (
				D2E648AC27047D470032DEE9 /* Sources */,
				D2E648AD27047D470032DEE9 /* Frameworks */,
				D2E648AE27047D470032DEE9 /* Resources */,
			);
			buildRules = (
			);
			dependencies = (
			);
			name = datacollateorMibanIOS;
			productName = datacollateorMibanIOS;
			productReference = D2E648B027047D470032DEE9 /* datacollateorMibanIOS.app */;
			productType = "com.apple.product-type.application";
		};
		D2E648C827047D490032DEE9 /* datacollateorMibanIOSTests */ = {
			isa = PBXNativeTarget;
			buildConfigurationList = D2E648E027047D4A0032DEE9 /* Build configuration list for PBXNativeTarget "datacollateorMibanIOSTests" */;
			buildPhases = (
				D2E648C527047D490032DEE9 /* Sources */,
				D2E648C627047D490032DEE9 /* Frameworks */,
				D2E648C727047D490032DEE9 /* Resources */,
			);
			buildRules = (
			);
			dependencies = (
				D2E648CB27047D490032DEE9 /* PBXTargetDependency */,
			);
			name = datacollateorMibanIOSTests;
			productName = datacollateorMibanIOSTests;
			productReference = D2E648C927047D490032DEE9 /* datacollateorMibanIOSTests.xctest */;
			productType = "com.apple.product-type.bundle.unit-test";
		};
		D2E648D227047D490032DEE9 /* datacollateorMibanIOSUITests */ = {
			isa = PBXNativeTarget;
			buildConfigurationList = D2E648E327047D4A0032DEE9 /* Build configuration list for PBXNativeTarget "datacollateorMibanIOSUITests" */;
			buildPhases = (
				D2E648CF27047D490032DEE9 /* Sources */,
				D2E648D027047D490032DEE9 /* Frameworks */,
				D2E648D127047D490032DEE9 /* Resources */,
			);
			buildRules = (
			);
			dependencies = (
				D2E648D527047D490032DEE9 /* PBXTargetDependency */,
			);
			name = datacollateorMibanIOSUITests;
			productName = datacollateorMibanIOSUITests;
			productReference = D2E648D327047D490032DEE9 /* datacollateorMibanIOSUITests.xctest */;
			productType = "com.apple.product-type.bundle.ui-testing";
		};
/* End PBXNativeTarget section */

/* Begin PBXProject section */
		D2E648A827047D470032DEE9 /* Project object */ = {
			isa = PBXProject;
			attributes = {
				BuildIndependentTargetsInParallel = 1;
				LastSwiftUpdateCheck = 1300;
				LastUpgradeCheck = 1300;
				TargetAttributes = {
					D2E648AF27047D470032DEE9 = {
						CreatedOnToolsVersion = 13.0;
					};
					D2E648C827047D490032DEE9 = {
						CreatedOnToolsVersion = 13.0;
						TestTargetID = D2E648AF27047D470032DEE9;
					};
					D2E648D227047D490032DEE9 = {
						CreatedOnToolsVersion = 13.0;
						TestTargetID = D2E648AF27047D470032DEE9;
					};
				};
			};
			buildConfigurationList = D2E648AB27047D470032DEE9 /* Build configuration list for PBXProject "datacollateorMibanIOS" */;
			compatibilityVersion = "Xcode 13.0";
			developmentRegion = en;
			hasScannedForEncodings = 0;
			knownRegions = (
				en,
				Base,
			);
			mainGroup = D2E648A727047D470032DEE9;
			productRefGroup = D2E648B127047D470032DEE9 /* Products */;
			projectDirPath = "";
			projectRoot = "";
			targets = (
				D2E648AF27047D470032DEE9 /* datacollateorMibanIOS */,
				D2E648C827047D490032DEE9 /* datacollateorMibanIOSTests */,
				D2E648D227047D490032DEE9 /* datacollateorMibanIOSUITests */,
			);
		};
/* End PBXProject section */

/* Begin PBXResourcesBuildPhase section */
		D2E648AE27047D470032DEE9 /* Resources */ = {
			isa = PBXResourcesBuildPhase;
			buildActionMask = 2147483647;
			files = (
				D2E648C327047D490032DEE9 /* LaunchScreen.storyboard in Resources */,
				D2E648C027047D490032DEE9 /* Assets.xcassets in Resources */,
				D2E648BB27047D470032DEE9 /* Main.storyboard in Resources */,
			);
			runOnlyForDeploymentPostprocessing = 0;
		};
		D2E648C727047D490032DEE9 /* Resources */ = {
			isa = PBXResourcesBuildPhase;
			buildActionMask = 2147483647;
			files = (
			);
			runOnlyForDeploymentPostprocessing = 0;
		};
		D2E648D127047D490032DEE9 /* Resources */ = {
			isa = PBXResourcesBuildPhase;
			buildActionMask = 2147483647;
			files = (
			);
			runOnlyForDeploymentPostprocessing = 0;
		};
/* End PBXResourcesBuildPhase section */

/* Begin PBXSourcesBuildPhase section */
		D2E648AC27047D470032DEE9 /* Sources */ = {
			isa = PBXSourcesBuildPhase;
			buildActionMask = 2147483647;
			files = (
				D2E648B827047D470032DEE9 /* ViewController.swift in Sources */,
				D2E648B427047D470032DEE9 /* AppDelegate.swift in Sources */,
				D2E648B627047D470032DEE9 /* SceneDelegate.swift in Sources */,
				D2E648BE27047D470032DEE9 /* datacollateorMibanIOS.xcdatamodeld in Sources */,
			);
			runOnlyForDeploymentPostprocessing = 0;
		};
		D2E648C527047D490032DEE9 /* Sources */ = {
			isa = PBXSourcesBuildPhase;
			buildActionMask = 2147483647;
			files = (
				D2E648CE27047D490032DEE9 /* datacollateorMibanIOSTests.swift in Sources */,
			);
			runOnlyForDeploymentPostprocessing = 0;
		};
		D2E648CF27047D490032DEE9 /* Sources */ = {
			isa = PBXSourcesBuildPhase;
			buildActionMask = 2147483647;
			files = (
				D2E648DA27047D490032DEE9 /* datacollateorMibanIOSUITestsLaunchTests.swift in Sources */,
				D2E648D827047D490032DEE9 /* datacollateorMibanIOSUITests.swift in Sources */,
			);
			runOnlyForDeploymentPostprocessing = 0;
		};
/* End PBXSourcesBuildPhase section */

/* Begin PBXTargetDependency section */
		D2E648CB27047D490032DEE9 /* PBXTargetDependency */ = {
			isa = PBXTargetDependency;
			target = D2E648AF27047D470032DEE9 /* datacollateorMibanIOS */;
			targetProxy = D2E648CA27047D490032DEE9 /* PBXContainerItemProxy */;
		};
		D2E648D527047D490032DEE9 /* PBXTargetDependency */ = {
			isa = PBXTargetDependency;
			target = D2E648AF27047D470032DEE9 /* datacollateorMibanIOS */;
			targetProxy = D2E648D427047D490032DEE9 /* PBXContainerItemProxy */;
		};
/* End PBXTargetDependency section */

/* Begin PBXVariantGroup section */
		D2E648B927047D470032DEE9 /* Main.storyboard */ = {
			isa = PBXVariantGroup;
			children = (
				D2E648BA27047D470032DEE9 /* Base */,
			);
			name = Main.storyboard;
			sourceTree = "<group>";
		};
		D2E648C127047D490032DEE9 /* LaunchScreen.storyboard */ = {
			isa = PBXVariantGroup;
			children = (
				D2E648C227047D490032DEE9 /* Base */,
			);
			name = LaunchScreen.storyboard;
			sourceTree = "<group>";
		};
/* End PBXVariantGroup section */

/* Begin XCBuildConfiguration section */
		D2E648DB27047D4A0032DEE9 /* Debug */ = {
			isa = XCBuildConfiguration;
			buildSettings = {
				ALWAYS_SEARCH_USER_PATHS = NO;
				CLANG_ANALYZER_NONNULL = YES;
				CLANG_ANALYZER_NUMBER_OBJECT_CONVERSION = YES_AGGRESSIVE;
				CLANG_CXX_LANGUAGE_STANDARD = "gnu++17";
				CLANG_CXX_LIBRARY = "libc++";
				CLANG_ENABLE_MODULES = YES;
				CLANG_ENABLE_OBJC_ARC = YES;
				CLANG_ENABLE_OBJC_WEAK = YES;
				CLANG_WARN_BLOCK_CAPTURE_AUTORELEASING = YES;
				CLANG_WARN_BOOL_CONVERSION = YES;
				CLANG_WARN_COMMA = YES;
				CLANG_WARN_CONSTANT_CONVERSION = YES;
				CLANG_WARN_DEPRECATED_OBJC_IMPLEMENTATIONS = YES;
				CLANG_WARN_DIRECT_OBJC_ISA_USAGE = YES_ERROR;
				CLANG_WARN_DOCUMENTATION_COMMENTS = YES;
				CLANG_WARN_EMPTY_BODY = YES;
				CLANG_WARN_ENUM_CONVERSION = YES;
				CLANG_WARN_INFINITE_RECURSION = YES;
				CLANG_WARN_INT_CONVERSION = YES;
				CLANG_WARN_NON_LITERAL_NULL_CONVERSION = YES;
				CLANG_WARN_OBJC_IMPLICIT_RETAIN_SELF = YES;
				CLANG_WARN_OBJC_LITERAL_CONVERSION = YES;
				CLANG_WARN_OBJC_ROOT_CLASS = YES_ERROR;
				CLANG_WARN_QUOTED_INCLUDE_IN_FRAMEWORK_HEADER = YES;
				CLANG_WARN_RANGE_LOOP_ANALYSIS = YES;
				CLANG_WARN_STRICT_PROTOTYPES = YES;
				CLANG_WARN_SUSPICIOUS_MOVE = YES;
				CLANG_WARN_UNGUARDED_AVAILABILITY = YES_AGGRESSIVE;
				CLANG_WARN_UNREACHABLE_CODE = YES;
				CLANG_WARN__DUPLICATE_METHOD_MATCH = YES;
				COPY_PHASE_STRIP = NO;
				DEBUG_INFORMATION_FORMAT = dwarf;
				ENABLE_STRICT_OBJC_MSGSEND = YES;
				ENABLE_TESTABILITY = YES;
				GCC_C_LANGUAGE_STANDARD = gnu11;
				GCC_DYNAMIC_NO_PIC = NO;
				GCC_NO_COMMON_BLOCKS = YES;
				GCC_OPTIMIZATION_LEVEL = 0;
				GCC_PREPROCESSOR_DEFINITIONS = (
					"DEBUG=1",
					"$(inherited)",
				);
				GCC_WARN_64_TO_32_BIT_CONVERSION = YES;
				GCC_WARN_ABOUT_RETURN_TYPE = YES_ERROR;
				GCC_WARN_UNDECLARED_SELECTOR = YES;
				GCC_WARN_UNINITIALIZED_AUTOS = YES_AGGRESSIVE;
				GCC_WARN_UNUSED_FUNCTION = YES;
				GCC_WARN_UNUSED_VARIABLE = YES;
				IPHONEOS_DEPLOYMENT_TARGET = 15.0;
				MTL_ENABLE_DEBUG_INFO = INCLUDE_SOURCE;
				MTL_FAST_MATH = YES;
				ONLY_ACTIVE_ARCH = YES;
				SDKROOT = iphoneos;
				SWIFT_ACTIVE_COMPILATION_CONDITIONS = DEBUG;
				SWIFT_OPTIMIZATION_LEVEL = "-Onone";
			};
			name = Debug;
		};
		D2E648DC27047D4A0032DEE9 /* Release */ = {
			isa = XCBuildConfiguration;
			buildSettings = {
				ALWAYS_SEARCH_USER_PATHS = NO;
				CLANG_ANALYZER_NONNULL = YES;
				CLANG_ANALYZER_NUMBER_OBJECT_CONVERSION = YES_AGGRESSIVE;
				CLANG_CXX_LANGUAGE_STANDARD = "gnu++17";
				CLANG_CXX_LIBRARY = "libc++";
				CLANG_ENABLE_MODULES = YES;
				CLANG_ENABLE_OBJC_ARC = YES;
				CLANG_ENABLE_OBJC_WEAK = YES;
				CLANG_WARN_BLOCK_CAPTURE_AUTORELEASING = YES;
				CLANG_WARN_BOOL_CONVERSION = YES;
				CLANG_WARN_COMMA = YES;
				CLANG_WARN_CONSTANT_CONVERSION = YES;
				CLANG_WARN_DEPRECATED_OBJC_IMPLEMENTATIONS = YES;
				CLANG_WARN_DIRECT_OBJC_ISA_USAGE = YES_ERROR;
				CLANG_WARN_DOCUMENTATION_COMMENTS = YES;
				CLANG_WARN_EMPTY_BODY = YES;
				CLANG_WARN_ENUM_CONVERSION = YES;
				CLANG_WARN_INFINITE_RECURSION = YES;
				CLANG_WARN_INT_CONVERSION = YES;
				CLANG_WARN_NON_LITERAL_NULL_CONVERSION = YES;
				CLANG_WARN_OBJC_IMPLICIT_RETAIN_SELF = YES;
				CLANG_WARN_OBJC_LITERAL_CONVERSION = YES;
				CLANG_WARN_OBJC_ROOT_CLASS = YES_ERROR;
				CLANG_WARN_QUOTED_INCLUDE_IN_FRAMEWORK_HEADER = YES;
				CLANG_WARN_RANGE_LOOP_ANALYSIS = YES;
				CLANG_WARN_STRICT_PROTOTYPES = YES;
				CLANG_WARN_SUSPICIOUS_MOVE = YES;
				CLANG_WARN_UNGUARDED_AVAILABILITY = YES_AGGRESSIVE;
				CLANG_WARN_UNREACHABLE_CODE = YES;
				CLANG_WARN__DUPLICATE_METHOD_MATCH = YES;
				COPY_PHASE_STRIP = NO;
				DEBUG_INFORMATION_FORMAT = "dwarf-with-dsym";
				ENABLE_NS_ASSERTIONS = NO;
				ENABLE_STRICT_OBJC_MSGSEND = YES;
				GCC_C_LANGUAGE_STANDARD = gnu11;
				GCC_NO_COMMON_BLOCKS = YES;
				GCC_WARN_64_TO_32_BIT_CONVERSION = YES;
				GCC_WARN_ABOUT_RETURN_TYPE = YES_ERROR;
				GCC_WARN_UNDECLARED_SELECTOR = YES;
				GCC_WARN_UNINITIALIZED_AUTOS = YES_AGGRESSIVE;
				GCC_WARN_UNUSED_FUNCTION = YES;
				GCC_WARN_UNUSED_VARIABLE = YES;
				IPHONEOS_DEPLOYMENT_TARGET = 15.0;
				MTL_ENABLE_DEBUG_INFO = NO;
				MTL_FAST_MATH = YES;
				SDKROOT = iphoneos;
				SWIFT_COMPILATION_MODE = wholemodule;
				SWIFT_OPTIMIZATION_LEVEL = "-O";
				VALIDATE_PRODUCT = YES;
			};
			name = Release;
		};
		D2E648DE27047D4A0032DEE9 /* Debug */ = {
			isa = XCBuildConfiguration;
			buildSettings = {
				ASSETCATALOG_COMPILER_APPICON_NAME = AppIcon;
				ASSETCATALOG_COMPILER_GLOBAL_ACCENT_COLOR_NAME = AccentColor;
				CODE_SIGN_STYLE = Automatic;
				CURRENT_PROJECT_VERSION = 1;
				DEVELOPMENT_TEAM = SA9FCXFWMM;
				GENERATE_INFOPLIST_FILE = YES;
				INFOPLIST_FILE = datacollateorMibanIOS/Info.plist;
				INFOPLIST_KEY_UIApplicationSupportsIndirectInputEvents = YES;
				INFOPLIST_KEY_UILaunchStoryboardName = LaunchScreen;
				INFOPLIST_KEY_UIMainStoryboardFile = Main;
				INFOPLIST_KEY_UISupportedInterfaceOrientations_iPad = "UIInterfaceOrientationPortrait UIInterfaceOrientationPortraitUpsideDown UIInterfaceOrientationLandscapeLeft UIInterfaceOrientationLandscapeRight";
				INFOPLIST_KEY_UISupportedInterfaceOrientations_iPhone = "UIInterfaceOrientationPortrait UIInterfaceOrientationLandscapeLeft UIInterfaceOrientationLandscapeRight";
				LD_RUNPATH_SEARCH_PATHS = (
					"$(inherited)",
					"@executable_path/Frameworks",
				);
				MARKETING_VERSION = 1.0;
				PRODUCT_BUNDLE_IDENTIFIER = com.uni.obuda.datacollateorMibanIOS;
				PRODUCT_NAME = "$(TARGET_NAME)";
				SWIFT_EMIT_LOC_STRINGS = YES;
				SWIFT_VERSION = 5.0;
				TARGETED_DEVICE_FAMILY = "1,2";
			};
			name = Debug;
		};
		D2E648DF27047D4A0032DEE9 /* Release */ = {
			isa = XCBuildConfiguration;
			buildSettings = {
				ASSETCATALOG_COMPILER_APPICON_NAME = AppIcon;
				ASSETCATALOG_COMPILER_GLOBAL_ACCENT_COLOR_NAME = AccentColor;
				CODE_SIGN_STYLE = Automatic;
				CURRENT_PROJECT_VERSION = 1;
				DEVELOPMENT_TEAM = SA9FCXFWMM;
				GENERATE_INFOPLIST_FILE = YES;
				INFOPLIST_FILE = datacollateorMibanIOS/Info.plist;
				INFOPLIST_KEY_UIApplicationSupportsIndirectInputEvents = YES;
				INFOPLIST_KEY_UILaunchStoryboardName = LaunchScreen;
				INFOPLIST_KEY_UIMainStoryboardFile = Main;
				INFOPLIST_KEY_UISupportedInterfaceOrientations_iPad = "UIInterfaceOrientationPortrait UIInterfaceOrientationPortraitUpsideDown UIInterfaceOrientationLandscapeLeft UIInterfaceOrientationLandscapeRight";
				INFOPLIST_KEY_UISupportedInterfaceOrientations_iPhone = "UIInterfaceOrientationPortrait UIInterfaceOrientationLandscapeLeft UIInterfaceOrientationLandscapeRight";
				LD_RUNPATH_SEARCH_PATHS = (
					"$(inherited)",
					"@executable_path/Frameworks",
				);
				MARKETING_VERSION = 1.0;
				PRODUCT_BUNDLE_IDENTIFIER = com.uni.obuda.datacollateorMibanIOS;
				PRODUCT_NAME = "$(TARGET_NAME)";
				SWIFT_EMIT_LOC_STRINGS = YES;
				SWIFT_VERSION = 5.0;
				TARGETED_DEVICE_FAMILY = "1,2";
			};
			name = Release;
		};
		D2E648E127047D4A0032DEE9 /* Debug */ = {
			isa = XCBuildConfiguration;
			buildSettings = {
				ALWAYS_EMBED_SWIFT_STANDARD_LIBRARIES = YES;
				BUNDLE_LOADER = "$(TEST_HOST)";
				CODE_SIGN_STYLE = Automatic;
				CURRENT_PROJECT_VERSION = 1;
				DEVELOPMENT_TEAM = SA9FCXFWMM;
				GENERATE_INFOPLIST_FILE = YES;
				IPHONEOS_DEPLOYMENT_TARGET = 15.0;
				LD_RUNPATH_SEARCH_PATHS = (
					"$(inherited)",
					"@executable_path/Frameworks",
					"@loader_path/Frameworks",
				);
				MARKETING_VERSION = 1.0;
				PRODUCT_BUNDLE_IDENTIFIER = com.uni.obuda.datacollateorMibanIOSTests;
				PRODUCT_NAME = "$(TARGET_NAME)";
				SWIFT_EMIT_LOC_STRINGS = NO;
				SWIFT_VERSION = 5.0;
				TARGETED_DEVICE_FAMILY = "1,2";
				TEST_HOST = "$(BUILT_PRODUCTS_DIR)/datacollateorMibanIOS.app/datacollateorMibanIOS";
			};
			name = Debug;
		};
		D2E648E227047D4A0032DEE9 /* Release */ = {
			isa = XCBuildConfiguration;
			buildSettings = {
				ALWAYS_EMBED_SWIFT_STANDARD_LIBRARIES = YES;
				BUNDLE_LOADER = "$(TEST_HOST)";
				CODE_SIGN_STYLE = Automatic;
				CURRENT_PROJECT_VERSION = 1;
				DEVELOPMENT_TEAM = SA9FCXFWMM;
				GENERATE_INFOPLIST_FILE = YES;
				IPHONEOS_DEPLOYMENT_TARGET = 15.0;
				LD_RUNPATH_SEARCH_PATHS = (
					"$(inherited)",
					"@executable_path/Frameworks",
					"@loader_path/Frameworks",
				);
				MARKETING_VERSION = 1.0;
				PRODUCT_BUNDLE_IDENTIFIER = com.uni.obuda.datacollateorMibanIOSTests;
				PRODUCT_NAME = "$(TARGET_NAME)";
				SWIFT_EMIT_LOC_STRINGS = NO;
				SWIFT_VERSION = 5.0;
				TARGETED_DEVICE_FAMILY = "1,2";
				TEST_HOST = "$(BUILT_PRODUCTS_DIR)/datacollateorMibanIOS.app/datacollateorMibanIOS";
			};
			name = Release;
		};
		D2E648E427047D4A0032DEE9 /* Debug */ = {
			isa = XCBuildConfiguration;
			buildSettings = {
				ALWAYS_EMBED_SWIFT_STANDARD_LIBRARIES = YES;
				CODE_SIGN_STYLE = Automatic;
				CURRENT_PROJECT_VERSION = 1;
				DEVELOPMENT_TEAM = SA9FCXFWMM;
				GENERATE_INFOPLIST_FILE = YES;
				LD_RUNPATH_SEARCH_PATHS = (
					"$(inherited)",
					"@executable_path/Frameworks",
					"@loader_path/Frameworks",
				);
				MARKETING_VERSION = 1.0;
				PRODUCT_BUNDLE_IDENTIFIER = com.uni.obuda.datacollateorMibanIOSUITests;
				PRODUCT_NAME = "$(TARGET_NAME)";
				SWIFT_EMIT_LOC_STRINGS = NO;
				SWIFT_VERSION = 5.0;
				TARGETED_DEVICE_FAMILY = "1,2";
				TEST_TARGET_NAME = datacollateorMibanIOS;
			};
			name = Debug;
		};
		D2E648E527047D4A0032DEE9 /* Release */ = {
			isa = XCBuildConfiguration;
			buildSettings = {
				ALWAYS_EMBED_SWIFT_STANDARD_LIBRARIES = YES;
				CODE_SIGN_STYLE = Automatic;
				CURRENT_PROJECT_VERSION = 1;
				DEVELOPMENT_TEAM = SA9FCXFWMM;
				GENERATE_INFOPLIST_FILE = YES;
				LD_RUNPATH_SEARCH_PATHS = (
					"$(inherited)",
					"@executable_path/Frameworks",
					"@loader_path/Frameworks",
				);
				MARKETING_VERSION = 1.0;
				PRODUCT_BUNDLE_IDENTIFIER = com.uni.obuda.datacollateorMibanIOSUITests;
				PRODUCT_NAME = "$(TARGET_NAME)";
				SWIFT_EMIT_LOC_STRINGS = NO;
				SWIFT_VERSION = 5.0;
				TARGETED_DEVICE_FAMILY = "1,2";
				TEST_TARGET_NAME = datacollateorMibanIOS;
			};
			name = Release;
		};
/* End XCBuildConfiguration section */

/* Begin XCConfigurationList section */
		D2E648AB27047D470032DEE9 /* Build configuration list for PBXProject "datacollateorMibanIOS" */ = {
			isa = XCConfigurationList;
			buildConfigurations = (
				D2E648DB27047D4A0032DEE9 /* Debug */,
				D2E648DC27047D4A0032DEE9 /* Release */,
			);
			defaultConfigurationIsVisible = 0;
			defaultConfigurationName = Release;
		};
		D2E648DD27047D4A0032DEE9 /* Build configuration list for PBXNativeTarget "datacollateorMibanIOS" */ = {
			isa = XCConfigurationList;
			buildConfigurations = (
				D2E648DE27047D4A0032DEE9 /* Debug */,
				D2E648DF27047D4A0032DEE9 /* Release */,
			);
			defaultConfigurationIsVisible = 0;
			defaultConfigurationName = Release;
		};
		D2E648E027047D4A0032DEE9 /* Build configuration list for PBXNativeTarget "datacollateorMibanIOSTests" */ = {
			isa = XCConfigurationList;
			buildConfigurations = (
				D2E648E127047D4A0032DEE9 /* Debug */,
				D2E648E227047D4A0032DEE9 /* Release */,
			);
			defaultConfigurationIsVisible = 0;
			defaultConfigurationName = Release;
		};
		D2E648E327047D4A0032DEE9 /* Build configuration list for PBXNativeTarget "datacollateorMibanIOSUITests" */ = {
			isa = XCConfigurationList;
			buildConfigurations = (
				D2E648E427047D4A0032DEE9 /* Debug */,
				D2E648E527047D4A0032DEE9 /* Release */,
			);
			defaultConfigurationIsVisible = 0;
			defaultConfigurationName = Release;
		};
/* End XCConfigurationList section */

/* Begin XCVersionGroup section */
		D2E648BC27047D470032DEE9 /* datacollateorMibanIOS.xcdatamodeld */ = {
			isa = XCVersionGroup;
			children = (
				D2E648BD27047D470032DEE9 /* datacollateorMibanIOS.xcdatamodel */,
			);
			currentVersion = D2E648BD27047D470032DEE9 /* datacollateorMibanIOS.xcdatamodel */;
			path = datacollateorMibanIOS.xcdatamodeld;
			sourceTree = "<group>";
			versionGroupType = wrapper.xcdatamodel;
		};
/* End XCVersionGroup section */
	};
	rootObject = D2E648A827047D470032DEE9 /* Project object */;
}
